
Microsoft Visual Studio Solution File, Format Version 12.00
# Visual Studio Version 16
VisualStudioVersion = 16.0.30011.22
MinimumVisualStudioVersion = 10.0.40219.1
Project("{FAE04EC0-301F-11D3-BF4B-00C04F79EFBC}") = "DiscordBot", "NewDiscordBot\DiscordBot.csproj", "{CF40C352-CCD0-453B-B79A-206D1EF95AFD}"
EndProject
Global
	GlobalSection(SolutionConfigurationPlatforms) = preSolution
		Debug|Any CPU = Debug|Any CPU
		Release|Any CPU = Release|Any CPU
	EndGlobalSection
	GlobalSection(ProjectConfigurationPlatforms) = postSolution
		{CF40C352-CCD0-453B-B79A-206D1EF95AFD}.Debug|Any CPU.ActiveCfg = Debug|Any CPU
		{CF40C352-CCD0-453B-B79A-206D1EF95AFD}.Debug|Any CPU.Build.0 = Debug|Any CPU
		{CF40C352-CCD0-453B-B79A-206D1EF95AFD}.Release|Any CPU.ActiveCfg = Release|Any CPU
		{CF40C352-CCD0-453B-B79A-206D1EF95AFD}.Release|Any CPU.Build.0 = Release|Any CPU
	EndGlobalSection
	GlobalSection(SolutionProperties) = preSolution
		HideSolutionNode = FALSE
	EndGlobalSection
	GlobalSection(ExtensibilityGlobals) = postSolution
		SolutionGuid = {A03AAC2D-1930-458C-979B-FF203CDD45EF}
	EndGlobalSection
EndGlobal
